{
  "version": 3,
  "targets": {
    "net10.0/win-x64": {
      "dotnet-stryker/4.16.0": {
        "type": "package",
        "tools": {
          "tools/net8.0/any/AWSSDK.Core.dll": {},
          "tools/net8.0/any/AWSSDK.S3.dll": {},
          "tools/net8.0/any/Azure.Core.dll": {},
          "tools/net8.0/any/Azure.Storage.Common.dll": {},
          "tools/net8.0/any/Azure.Storage.Files.Shares.dll": {},
          "tools/net8.0/any/Buildalyzer.Logger.dll": {},
          "tools/net8.0/any/Buildalyzer.dll": {},
          "tools/net8.0/any/CliWrap.dll": {},
          "tools/net8.0/any/DotNet.Glob.dll": {},
          "tools/net8.0/any/DotnetToolSettings.xml": {},
          "tools/net8.0/any/Grynwald.MarkdownGenerator.dll": {},
          "tools/net8.0/any/LibGit2Sharp.dll": {},
          "tools/net8.0/any/McMaster.Extensions.CommandLineUtils.dll": {},
          "tools/net8.0/any/MessagePack.Annotations.dll": {},
          "tools/net8.0/any/MessagePack.dll": {},
          "tools/net8.0/any/Microsoft.Bcl.AsyncInterfaces.dll": {},
          "tools/net8.0/any/Microsoft.Build.Framework.dll": {},
          "tools/net8.0/any/Microsoft.Build.Tasks.Core.dll": {},
          "tools/net8.0/any/Microsoft.Build.Utilities.Core.dll": {},
          "tools/net8.0/any/Microsoft.Build.dll": {},
          "tools/net8.0/any/Microsoft.CodeAnalysis.CSharp.dll": {},
          "tools/net8.0/any/Microsoft.CodeAnalysis.VisualBasic.dll": {},
          "tools/net8.0/any/Microsoft.CodeAnalysis.dll": {},
          "tools/net8.0/any/Microsoft.Extensions.Configuration.Abstractions.dll": {},
          "tools/net8.0/any/Microsoft.Extensions.Configuration.Binder.dll": {},
          "tools/net8.0/any/Microsoft.Extensions.DependencyInjection.Abstractions.dll": {},
          "tools/net8.0/any/Microsoft.Extensions.DependencyInjection.dll": {},
          "tools/net8.0/any/Microsoft.Extensions.Diagnostics.Abstractions.dll": {},
          "tools/net8.0/any/Microsoft.Extensions.FileProviders.Abstractions.dll": {},
          "tools/net8.0/any/Microsoft.Extensions.Hosting.Abstractions.dll": {},
          "tools/net8.0/any/Microsoft.Extensions.Logging.Abstractions.dll": {},
          "tools/net8.0/any/Microsoft.Extensions.Logging.dll": {},
          "tools/net8.0/any/Microsoft.Extensions.Options.dll": {},
          "tools/net8.0/any/Microsoft.Extensions.Primitives.dll": {},
          "tools/net8.0/any/Microsoft.Identity.Client.Extensions.Msal.dll": {},
          "tools/net8.0/any/Microsoft.Identity.Client.dll": {},
          "tools/net8.0/any/Microsoft.IdentityModel.Abstractions.dll": {},
          "tools/net8.0/any/Microsoft.NET.StringTools.dll": {},
          "tools/net8.0/any/Microsoft.TestPlatform.CommunicationUtilities.dll": {},
          "tools/net8.0/any/Microsoft.TestPlatform.CoreUtilities.dll": {},
          "tools/net8.0/any/Microsoft.TestPlatform.PlatformAbstractions.dll": {},
          "tools/net8.0/any/Microsoft.TestPlatform.VsTestConsole.TranslationLayer.dll": {},
          "tools/net8.0/any/Microsoft.Testing.Platform.dll": {},
          "tools/net8.0/any/Microsoft.VisualStudio.SolutionPersistence.dll": {},
          "tools/net8.0/any/Microsoft.VisualStudio.TestPlatform.Common.dll": {},
          "tools/net8.0/any/Microsoft.VisualStudio.TestPlatform.ObjectModel.dll": {},
          "tools/net8.0/any/Microsoft.VisualStudio.Threading.dll": {},
          "tools/net8.0/any/Microsoft.VisualStudio.Validation.dll": {},
          "tools/net8.0/any/Mono.Cecil.Mdb.dll": {},
          "tools/net8.0/any/Mono.Cecil.Pdb.dll": {},
          "tools/net8.0/any/Mono.Cecil.Rocks.dll": {},
          "tools/net8.0/any/Mono.Cecil.dll": {},
          "tools/net8.0/any/MsBuildPipeLogger.Logger.dll": {},
          "tools/net8.0/any/MsBuildPipeLogger.Server.dll": {},
          "tools/net8.0/any/Nerdbank.MessagePack.dll": {},
          "tools/net8.0/any/Nerdbank.Streams.dll": {},
          "tools/net8.0/any/Newtonsoft.Json.dll": {},
          "tools/net8.0/any/NuGet.Common.dll": {},
          "tools/net8.0/any/NuGet.Configuration.dll": {},
          "tools/net8.0/any/NuGet.Frameworks.dll": {},
          "tools/net8.0/any/NuGet.Packaging.dll": {},
          "tools/net8.0/any/NuGet.Protocol.dll": {},
          "tools/net8.0/any/NuGet.Versioning.dll": {},
          "tools/net8.0/any/PolyType.dll": {},
          "tools/net8.0/any/Serilog.Extensions.Logging.File.dll": {},
          "tools/net8.0/any/Serilog.Extensions.Logging.dll": {},
          "tools/net8.0/any/Serilog.Formatting.Compact.dll": {},
          "tools/net8.0/any/Serilog.Sinks.Async.dll": {},
          "tools/net8.0/any/Serilog.Sinks.Console.dll": {},
          "tools/net8.0/any/Serilog.Sinks.File.dll": {},
          "tools/net8.0/any/Serilog.Sinks.RollingFile.dll": {},
          "tools/net8.0/any/Serilog.dll": {},
          "tools/net8.0/any/ShellProgressBar.dll": {},
          "tools/net8.0/any/Spectre.Console.Ansi.dll": {},
          "tools/net8.0/any/Spectre.Console.dll": {},
          "tools/net8.0/any/StreamJsonRpc.dll": {},
          "tools/net8.0/any/StructuredLogger.dll": {},
          "tools/net8.0/any/Stryker.Abstractions.dll": {},
          "tools/net8.0/any/Stryker.CLI.deps.json": {},
          "tools/net8.0/any/Stryker.CLI.dll": {},
          "tools/net8.0/any/Stryker.CLI.pdb": {},
          "tools/net8.0/any/Stryker.CLI.runtimeconfig.json": {},
          "tools/net8.0/any/Stryker.Configuration.dll": {},
          "tools/net8.0/any/Stryker.Core.dll": {},
          "tools/net8.0/any/Stryker.Core.pdb": {},
          "tools/net8.0/any/Stryker.DataCollector.dll": {},
          "tools/net8.0/any/Stryker.Regex.Parser.dll": {},
          "tools/net8.0/any/Stryker.RegexMutators.dll": {},
          "tools/net8.0/any/Stryker.Solutions.dll": {},
          "tools/net8.0/any/Stryker.TestRunner.MicrosoftTestPlatform.dll": {},
          "tools/net8.0/any/Stryker.TestRunner.VsTest.dll": {},
          "tools/net8.0/any/Stryker.TestRunner.dll": {},
          "tools/net8.0/any/Stryker.Utilities.dll": {},
          "tools/net8.0/any/System.ClientModel.dll": {},
          "tools/net8.0/any/System.CodeDom.dll": {},
          "tools/net8.0/any/System.Collections.Immutable.dll": {},
          "tools/net8.0/any/System.Configuration.ConfigurationManager.dll": {},
          "tools/net8.0/any/System.Diagnostics.DiagnosticSource.dll": {},
          "tools/net8.0/any/System.Diagnostics.EventLog.dll": {},
          "tools/net8.0/any/System.IO.Hashing.dll": {},
          "tools/net8.0/any/System.IO.Pipelines.dll": {},
          "tools/net8.0/any/System.Memory.Data.dll": {},
          "tools/net8.0/any/System.Reflection.Metadata.dll": {},
          "tools/net8.0/any/System.Reflection.MetadataLoadContext.dll": {},
          "tools/net8.0/any/System.Resources.Extensions.dll": {},
          "tools/net8.0/any/System.Resources.NetStandard.dll": {},
          "tools/net8.0/any/System.Security.Cryptography.Pkcs.dll": {},
          "tools/net8.0/any/System.Security.Cryptography.ProtectedData.dll": {},
          "tools/net8.0/any/System.Security.Cryptography.Xml.dll": {},
          "tools/net8.0/any/System.Text.Encodings.Web.dll": {},
          "tools/net8.0/any/System.Text.Json.dll": {},
          "tools/net8.0/any/TestableIO.System.IO.Abstractions.Wrappers.dll": {},
          "tools/net8.0/any/Testably.Abstractions.FileSystem.Interface.dll": {},
          "tools/net8.0/any/YamlDotNet.dll": {},
          "tools/net8.0/any/cs/Microsoft.CodeAnalysis.CSharp.resources.dll": {},
          "tools/net8.0/any/cs/Microsoft.CodeAnalysis.VisualBasic.resources.dll": {},
          "tools/net8.0/any/cs/Microsoft.CodeAnalysis.resources.dll": {},
          "tools/net8.0/any/cs/Microsoft.TestPlatform.CommunicationUtilities.resources.dll": {},
          "tools/net8.0/any/cs/Microsoft.TestPlatform.CoreUtilities.resources.dll": {},
          "tools/net8.0/any/cs/Microsoft.TestPlatform.VsTestConsole.TranslationLayer.resources.dll": {},
          "tools/net8.0/any/cs/Microsoft.Testing.Platform.resources.dll": {},
          "tools/net8.0/any/cs/Microsoft.VisualStudio.TestPlatform.Common.resources.dll": {},
          "tools/net8.0/any/cs/Microsoft.VisualStudio.TestPlatform.ObjectModel.resources.dll": {},
          "tools/net8.0/any/cs/Microsoft.VisualStudio.Threading.resources.dll": {},
          "tools/net8.0/any/cs/Microsoft.VisualStudio.Validation.resources.dll": {},
          "tools/net8.0/any/cs/StreamJsonRpc.resources.dll": {},
          "tools/net8.0/any/de/Microsoft.CodeAnalysis.CSharp.resources.dll": {},
          "tools/net8.0/any/de/Microsoft.CodeAnalysis.VisualBasic.resources.dll": {},
          "tools/net8.0/any/de/Microsoft.CodeAnalysis.resources.dll": {},
          "tools/net8.0/any/de/Microsoft.TestPlatform.CommunicationUtilities.resources.dll": {},
          "tools/net8.0/any/de/Microsoft.TestPlatform.CoreUtilities.resources.dll": {},
          "tools/net8.0/any/de/Microsoft.TestPlatform.VsTestConsole.TranslationLayer.resources.dll": {},
          "tools/net8.0/any/de/Microsoft.Testing.Platform.resources.dll": {},
          "tools/net8.0/any/de/Microsoft.VisualStudio.TestPlatform.Common.resources.dll": {},
          "tools/net8.0/any/de/Microsoft.VisualStudio.TestPlatform.ObjectModel.resources.dll": {},
          "tools/net8.0/any/de/Microsoft.VisualStudio.Threading.resources.dll": {},
          "tools/net8.0/any/de/Microsoft.VisualStudio.Validation.resources.dll": {},
          "tools/net8.0/any/de/StreamJsonRpc.resources.dll": {},
          "tools/net8.0/any/es/Microsoft.CodeAnalysis.CSharp.resources.dll": {},
          "tools/net8.0/any/es/Microsoft.CodeAnalysis.VisualBasic.resources.dll": {},
          "tools/net8.0/any/es/Microsoft.CodeAnalysis.resources.dll": {},
          "tools/net8.0/any/es/Microsoft.TestPlatform.CommunicationUtilities.resources.dll": {},
          "tools/net8.0/any/es/Microsoft.TestPlatform.CoreUtilities.resources.dll": {},
          "tools/net8.0/any/es/Microsoft.TestPlatform.VsTestConsole.TranslationLayer.resources.dll": {},
          "tools/net8.0/any/es/Microsoft.Testing.Platform.resources.dll": {},
          "tools/net8.0/any/es/Microsoft.VisualStudio.TestPlatform.Common.resources.dll": {},
          "tools/net8.0/any/es/Microsoft.VisualStudio.TestPlatform.ObjectModel.resources.dll": {},
          "tools/net8.0/any/es/Microsoft.VisualStudio.Threading.resources.dll": {},
          "tools/net8.0/any/es/Microsoft.VisualStudio.Validation.resources.dll": {},
          "tools/net8.0/any/es/StreamJsonRpc.resources.dll": {},
          "tools/net8.0/any/fr/Microsoft.CodeAnalysis.CSharp.resources.dll": {},
          "tools/net8.0/any/fr/Microsoft.CodeAnalysis.VisualBasic.resources.dll": {},
          "tools/net8.0/any/fr/Microsoft.CodeAnalysis.resources.dll": {},
          "tools/net8.0/any/fr/Microsoft.TestPlatform.CommunicationUtilities.resources.dll": {},
          "tools/net8.0/any/fr/Microsoft.TestPlatform.CoreUtilities.resources.dll": {},
          "tools/net8.0/any/fr/Microsoft.TestPlatform.VsTestConsole.TranslationLayer.resources.dll": {},
          "tools/net8.0/any/fr/Microsoft.Testing.Platform.resources.dll": {},
          "tools/net8.0/any/fr/Microsoft.VisualStudio.TestPlatform.Common.resources.dll": {},
          "tools/net8.0/any/fr/Microsoft.VisualStudio.TestPlatform.ObjectModel.resources.dll": {},
          "tools/net8.0/any/fr/Microsoft.VisualStudio.Threading.resources.dll": {},
          "tools/net8.0/any/fr/Microsoft.VisualStudio.Validation.resources.dll": {},
          "tools/net8.0/any/fr/StreamJsonRpc.resources.dll": {},
          "tools/net8.0/any/it/Microsoft.CodeAnalysis.CSharp.resources.dll": {},
          "tools/net8.0/any/it/Microsoft.CodeAnalysis.VisualBasic.resources.dll": {},
          "tools/net8.0/any/it/Microsoft.CodeAnalysis.resources.dll": {},
          "tools/net8.0/any/it/Microsoft.TestPlatform.CommunicationUtilities.resources.dll": {},
          "tools/net8.0/any/it/Microsoft.TestPlatform.CoreUtilities.resources.dll": {},
          "tools/net8.0/any/it/Microsoft.TestPlatform.VsTestConsole.TranslationLayer.resources.dll": {},
          "tools/net8.0/any/it/Microsoft.Testing.Platform.resources.dll": {},
          "tools/net8.0/any/it/Microsoft.VisualStudio.TestPlatform.Common.resources.dll": {},
          "tools/net8.0/any/it/Microsoft.VisualStudio.TestPlatform.ObjectModel.resources.dll": {},
          "tools/net8.0/any/it/Microsoft.VisualStudio.Threading.resources.dll": {},
          "tools/net8.0/any/it/Microsoft.VisualStudio.Validation.resources.dll": {},
          "tools/net8.0/any/it/StreamJsonRpc.resources.dll": {},
          "tools/net8.0/any/ja/Microsoft.CodeAnalysis.CSharp.resources.dll": {},
          "tools/net8.0/any/ja/Microsoft.CodeAnalysis.VisualBasic.resources.dll": {},
          "tools/net8.0/any/ja/Microsoft.CodeAnalysis.resources.dll": {},
          "tools/net8.0/any/ja/Microsoft.TestPlatform.CommunicationUtilities.resources.dll": {},
          "tools/net8.0/any/ja/Microsoft.TestPlatform.CoreUtilities.resources.dll": {},
          "tools/net8.0/any/ja/Microsoft.TestPlatform.VsTestConsole.TranslationLayer.resources.dll": {},
          "tools/net8.0/any/ja/Microsoft.Testing.Platform.resources.dll": {},
          "tools/net8.0/any/ja/Microsoft.VisualStudio.TestPlatform.Common.resources.dll": {},
          "tools/net8.0/any/ja/Microsoft.VisualStudio.TestPlatform.ObjectModel.resources.dll": {},
          "tools/net8.0/any/ja/Microsoft.VisualStudio.Threading.resources.dll": {},
          "tools/net8.0/any/ja/Microsoft.VisualStudio.Validation.resources.dll": {},
          "tools/net8.0/any/ja/StreamJsonRpc.resources.dll": {},
          "tools/net8.0/any/ko/Microsoft.CodeAnalysis.CSharp.resources.dll": {},
          "tools/net8.0/any/ko/Microsoft.CodeAnalysis.VisualBasic.resources.dll": {},
          "tools/net8.0/any/ko/Microsoft.CodeAnalysis.resources.dll": {},
          "tools/net8.0/any/ko/Microsoft.TestPlatform.CommunicationUtilities.resources.dll": {},
          "tools/net8.0/any/ko/Microsoft.TestPlatform.CoreUtilities.resources.dll": {},
          "tools/net8.0/any/ko/Microsoft.TestPlatform.VsTestConsole.TranslationLayer.resources.dll": {},
          "tools/net8.0/any/ko/Microsoft.Testing.Platform.resources.dll": {},
          "tools/net8.0/any/ko/Microsoft.VisualStudio.TestPlatform.Common.resources.dll": {},
          "tools/net8.0/any/ko/Microsoft.VisualStudio.TestPlatform.ObjectModel.resources.dll": {},
          "tools/net8.0/any/ko/Microsoft.VisualStudio.Threading.resources.dll": {},
          "tools/net8.0/any/ko/Microsoft.VisualStudio.Validation.resources.dll": {},
          "tools/net8.0/any/ko/StreamJsonRpc.resources.dll": {},
          "tools/net8.0/any/pl/Microsoft.CodeAnalysis.CSharp.resources.dll": {},
          "tools/net8.0/any/pl/Microsoft.CodeAnalysis.VisualBasic.resources.dll": {},
          "tools/net8.0/any/pl/Microsoft.CodeAnalysis.resources.dll": {},
          "tools/net8.0/any/pl/Microsoft.TestPlatform.CommunicationUtilities.resources.dll": {},
          "tools/net8.0/any/pl/Microsoft.TestPlatform.CoreUtilities.resources.dll": {},
          "tools/net8.0/any/pl/Microsoft.TestPlatform.VsTestConsole.TranslationLayer.resources.dll": {},
          "tools/net8.0/any/pl/Microsoft.Testing.Platform.resources.dll": {},
          "tools/net8.0/any/pl/Microsoft.VisualStudio.TestPlatform.Common.resources.dll": {},
          "tools/net8.0/any/pl/Microsoft.VisualStudio.TestPlatform.ObjectModel.resources.dll": {},
          "tools/net8.0/any/pl/Microsoft.VisualStudio.Threading.resources.dll": {},
          "tools/net8.0/any/pl/Microsoft.VisualStudio.Validation.resources.dll": {},
          "tools/net8.0/any/pl/StreamJsonRpc.resources.dll": {},
          "tools/net8.0/any/pt-BR/Microsoft.CodeAnalysis.CSharp.resources.dll": {},
          "tools/net8.0/any/pt-BR/Microsoft.CodeAnalysis.VisualBasic.resources.dll": {},
          "tools/net8.0/any/pt-BR/Microsoft.CodeAnalysis.resources.dll": {},
          "tools/net8.0/any/pt-BR/Microsoft.TestPlatform.CommunicationUtilities.resources.dll": {},
          "tools/net8.0/any/pt-BR/Microsoft.TestPlatform.CoreUtilities.resources.dll": {},
          "tools/net8.0/any/pt-BR/Microsoft.TestPlatform.VsTestConsole.TranslationLayer.resources.dll": {},
          "tools/net8.0/any/pt-BR/Microsoft.Testing.Platform.resources.dll": {},
          "tools/net8.0/any/pt-BR/Microsoft.VisualStudio.TestPlatform.Common.resources.dll": {},
          "tools/net8.0/any/pt-BR/Microsoft.VisualStudio.TestPlatform.ObjectModel.resources.dll": {},
          "tools/net8.0/any/pt-BR/Microsoft.VisualStudio.Threading.resources.dll": {},
          "tools/net8.0/any/pt-BR/Microsoft.VisualStudio.Validation.resources.dll": {},
          "tools/net8.0/any/pt-BR/StreamJsonRpc.resources.dll": {},
          "tools/net8.0/any/ru/Microsoft.CodeAnalysis.CSharp.resources.dll": {},
          "tools/net8.0/any/ru/Microsoft.CodeAnalysis.VisualBasic.resources.dll": {},
          "tools/net8.0/any/ru/Microsoft.CodeAnalysis.resources.dll": {},
          "tools/net8.0/any/ru/Microsoft.TestPlatform.CommunicationUtilities.resources.dll": {},
          "tools/net8.0/any/ru/Microsoft.TestPlatform.CoreUtilities.resources.dll": {},
          "tools/net8.0/any/ru/Microsoft.TestPlatform.VsTestConsole.TranslationLayer.resources.dll": {},
          "tools/net8.0/any/ru/Microsoft.Testing.Platform.resources.dll": {},
          "tools/net8.0/any/ru/Microsoft.VisualStudio.TestPlatform.Common.resources.dll": {},
          "tools/net8.0/any/ru/Microsoft.VisualStudio.TestPlatform.ObjectModel.resources.dll": {},
          "tools/net8.0/any/ru/Microsoft.VisualStudio.Threading.resources.dll": {},
          "tools/net8.0/any/ru/Microsoft.VisualStudio.Validation.resources.dll": {},
          "tools/net8.0/any/ru/StreamJsonRpc.resources.dll": {},
          "tools/net8.0/any/runtimes/browser/lib/net8.0/System.Text.Encodings.Web.dll": {},
          "tools/net8.0/any/runtimes/linux-arm/native/libgit2-3f4182d.so": {},
          "tools/net8.0/any/runtimes/linux-arm64/native/libgit2-3f4182d.so": {},
          "tools/net8.0/any/runtimes/linux-musl-arm/native/libgit2-3f4182d.so": {},
          "tools/net8.0/any/runtimes/linux-musl-arm64/native/libgit2-3f4182d.so": {},
          "tools/net8.0/any/runtimes/linux-musl-x64/native/libgit2-3f4182d.so": {},
          "tools/net8.0/any/runtimes/linux-ppc64le/native/libgit2-3f4182d.so": {},
          "tools/net8.0/any/runtimes/linux-x64/native/libgit2-3f4182d.so": {},
          "tools/net8.0/any/runtimes/osx-arm64/native/libgit2-3f4182d.dylib": {},
          "tools/net8.0/any/runtimes/osx-x64/native/libgit2-3f4182d.dylib": {},
          "tools/net8.0/any/runtimes/win-arm64/native/git2-3f4182d.dll": {},
          "tools/net8.0/any/runtimes/win-x64/native/git2-3f4182d.dll": {},
          "tools/net8.0/any/runtimes/win-x86/native/git2-3f4182d.dll": {},
          "tools/net8.0/any/runtimes/win/lib/net8.0/System.Diagnostics.EventLog.Messages.dll": {},
          "tools/net8.0/any/runtimes/win/lib/net8.0/System.Diagnostics.EventLog.dll": {},
          "tools/net8.0/any/runtimes/win/lib/net8.0/System.Security.Cryptography.Pkcs.dll": {},
          "tools/net8.0/any/tr/Microsoft.CodeAnalysis.CSharp.resources.dll": {},
          "tools/net8.0/any/tr/Microsoft.CodeAnalysis.VisualBasic.resources.dll": {},
          "tools/net8.0/any/tr/Microsoft.CodeAnalysis.resources.dll": {},
          "tools/net8.0/any/tr/Microsoft.TestPlatform.CommunicationUtilities.resources.dll": {},
          "tools/net8.0/any/tr/Microsoft.TestPlatform.CoreUtilities.resources.dll": {},
          "tools/net8.0/any/tr/Microsoft.TestPlatform.VsTestConsole.TranslationLayer.resources.dll": {},
          "tools/net8.0/any/tr/Microsoft.Testing.Platform.resources.dll": {},
          "tools/net8.0/any/tr/Microsoft.VisualStudio.TestPlatform.Common.resources.dll": {},
          "tools/net8.0/any/tr/Microsoft.VisualStudio.TestPlatform.ObjectModel.resources.dll": {},
          "tools/net8.0/any/tr/Microsoft.VisualStudio.Threading.resources.dll": {},
          "tools/net8.0/any/tr/Microsoft.VisualStudio.Validation.resources.dll": {},
          "tools/net8.0/any/tr/StreamJsonRpc.resources.dll": {},
          "tools/net8.0/any/zh-Hans/Microsoft.CodeAnalysis.CSharp.resources.dll": {},
          "tools/net8.0/any/zh-Hans/Microsoft.CodeAnalysis.VisualBasic.resources.dll": {},
          "tools/net8.0/any/zh-Hans/Microsoft.CodeAnalysis.resources.dll": {},
          "tools/net8.0/any/zh-Hans/Microsoft.TestPlatform.CommunicationUtilities.resources.dll": {},
          "tools/net8.0/any/zh-Hans/Microsoft.TestPlatform.CoreUtilities.resources.dll": {},
          "tools/net8.0/any/zh-Hans/Microsoft.TestPlatform.VsTestConsole.TranslationLayer.resources.dll": {},
          "tools/net8.0/any/zh-Hans/Microsoft.Testing.Platform.resources.dll": {},
          "tools/net8.0/any/zh-Hans/Microsoft.VisualStudio.TestPlatform.Common.resources.dll": {},
          "tools/net8.0/any/zh-Hans/Microsoft.VisualStudio.TestPlatform.ObjectModel.resources.dll": {},
          "tools/net8.0/any/zh-Hans/Microsoft.VisualStudio.Threading.resources.dll": {},
          "tools/net8.0/any/zh-Hans/Microsoft.VisualStudio.Validation.resources.dll": {},
          "tools/net8.0/any/zh-Hans/StreamJsonRpc.resources.dll": {},
          "tools/net8.0/any/zh-Hant/Microsoft.CodeAnalysis.CSharp.resources.dll": {},
          "tools/net8.0/any/zh-Hant/Microsoft.CodeAnalysis.VisualBasic.resources.dll": {},
          "tools/net8.0/any/zh-Hant/Microsoft.CodeAnalysis.resources.dll": {},
          "tools/net8.0/any/zh-Hant/Microsoft.TestPlatform.CommunicationUtilities.resources.dll": {},
          "tools/net8.0/any/zh-Hant/Microsoft.TestPlatform.CoreUtilities.resources.dll": {},
          "tools/net8.0/any/zh-Hant/Microsoft.TestPlatform.VsTestConsole.TranslationLayer.resources.dll": {},
          "tools/net8.0/any/zh-Hant/Microsoft.Testing.Platform.resources.dll": {},
          "tools/net8.0/any/zh-Hant/Microsoft.VisualStudio.TestPlatform.Common.resources.dll": {},
          "tools/net8.0/any/zh-Hant/Microsoft.VisualStudio.TestPlatform.ObjectModel.resources.dll": {},
          "tools/net8.0/any/zh-Hant/Microsoft.VisualStudio.Threading.resources.dll": {},
          "tools/net8.0/any/zh-Hant/Microsoft.VisualStudio.Validation.resources.dll": {},
          "tools/net8.0/any/zh-Hant/StreamJsonRpc.resources.dll": {}
        }
      }
    }
  },
  "libraries": {},
  "projectFileDependencyGroups": {}
}